// !$*UTF8*$!
{
	archiveVersion = 1;
	classes = {
	};
	objectVersion = 46;
	objects = {

/* Begin PBXBuildFile section */
		7B721C921FA977A90007EABF /* AppDelegate.swift in Sources */ = {isa = PBXBuildFile; fileRef = 7B721C911FA977A90007EABF /* AppDelegate.swift */; };
		7B721C941FA977A90007EABF /* ViewController.swift in Sources */ = {isa = PBXBuildFile; fileRef = 7B721C931FA977A90007EABF /* ViewController.swift */; };
		7B721C971FA977A90007EABF /* Main.storyboard in Resources */ = {isa = PBXBuildFile; fileRef = 7B721C951FA977A90007EABF /* Main.storyboard */; };
		7B721C991FA977A90007EABF /* Assets.xcassets in Resources */ = {isa = PBXBuildFile; fileRef = 7B721C981FA977A90007EABF /* Assets.xcassets */; };
		7B721C9C1FA977A90007EABF /* LaunchScreen.storyboard in Resources */ = {isa = PBXBuildFile; fileRef = 7B721C9A1FA977A90007EABF /* LaunchScreen.storyboard */; };
/* End PBXBuildFile section */

/* Begin PBXFileReference section */
		7B721C8E1FA977A90007EABF /* flashLight.app */ = {isa = PBXFileReference; explicitFileType = wrapper.application; includeInIndex = 0; path = flashLight.app; sourceTree = BUILT_PRODUCTS_DIR; };
		7B721C911FA977A90007EABF /* AppDelegate.swift */ = {isa = PBXFileReference; lastKnownFileType = sourcecode.swift; path = AppDelegate.swift; sourceTree = "<group>"; };
		7B721C931FA977A90007EABF /* ViewController.swift */ = {isa = PBXFileReference; lastKnownFileType = sourcecode.swift; name = ViewController.swift; path = ../ViewController.swift; sourceTree = "<group>"; };
		7B721C961FA977A90007EABF /* Base */ = {isa = PBXFileReference; lastKnownFileType = file.storyboard; name = Base; path = Base.lproj/Main.storyboard; sourceTree = "<group>"; };
		7B721C981FA977A90007EABF /* Assets.xcassets */ = {isa = PBXFileReference; lastKnownFileType = folder.assetcatalog; name = Assets.xcassets; path = ../Assets.xcassets; sourceTree = "<group>"; };
		7B721C9B1FA977A90007EABF /* Base */ = {isa = PBXFileReference; lastKnownFileType = file.storyboard; name = Base; path = Base.lproj/LaunchScreen.storyboard; sourceTree = "<group>"; };
		7B721C9D1FA977A90007EABF /* Info.plist */ = {isa = PBXFileReference; lastKnownFileType = text.plist.xml; path = Info.plist; sourceTree = "<group>"; };
/* End PBXFileReference section */

/* Begin PBXFrameworksBuildPhase section */
		7B721C8B1FA977A90007EABF /* Frameworks */ = {
			isa = PBXFrameworksBuildPhase;
			buildActionMask = 2147483647;
			files = (
			);
			runOnlyForDeploymentPostprocessing = 0;
		};
/* End PBXFrameworksBuildPhase section */

/* Begin PBXGroup section */
		7B721C851FA977A90007EABF = {
			isa = PBXGroup;
			children = (
				7B721C901FA977A90007EABF /* flashLight */,
				7B721C8F1FA977A90007EABF /* Products */,
			);
			sourceTree = "<group>";
		};
		7B721C8F1FA977A90007EABF /* Products */ = {
			isa = PBXGroup;
			children = (
				7B721C8E1FA977A90007EABF /* flashLight.app */,
			);
			name = Products;
			sourceTree = "<group>";
		};
		7B721C901FA977A90007EABF /* flashLight */ = {
			isa = PBXGroup;
			children = (
				7B721CA61FA97A7B0007EABF /* Resource */,
				7B721CA31FA97A3B0007EABF /* Controller */,
				7B721CA41FA97A3B0007EABF /* Model */,
				7B721CA51FA97A3B0007EABF /* View */,
				7B721C911FA977A90007EABF /* AppDelegate.swift */,
				7B721C9D1FA977A90007EABF /* Info.plist */,
			);
			path = flashLight;
			sourceTree = "<group>";
		};
		7B721CA31FA97A3B0007EABF /* Controller */ = {
			isa = PBXGroup;
			children = (
				7B721C931FA977A90007EABF /* ViewController.swift */,
			);
			path = Controller;
			sourceTree = "<group>";
		};
		7B721CA41FA97A3B0007EABF /* Model */ = {
			isa = PBXGroup;
			children = (
			);
			path = Model;
			sourceTree = "<group>";
		};
		7B721CA51FA97A3B0007EABF /* View */ = {
			isa = PBXGroup;
			children = (
				7B721C951FA977A90007EABF /* Main.storyboard */,
				7B721C9A1FA977A90007EABF /* LaunchScreen.storyboard */,
			);
			path = View;
			sourceTree = "<group>";
		};
		7B721CA61FA97A7B0007EABF /* Resource */ = {
			isa = PBXGroup;
			children = (
				7B721C981FA977A90007EABF /* Assets.xcassets */,
			);
			path = Resource;
			sourceTree = "<group>";
		};
/* End PBXGroup section */

/* Begin PBXNativeTarget section */
		7B721C8D1FA977A90007EABF /* flashLight */ = {
			isa = PBXNativeTarget;
			buildConfigurationList = 7B721CA01FA977A90007EABF /* Build configuration list for PBXNativeTarget "flashLight" */;
			buildPhases = (
				7B721C8A1FA977A90007EABF /* Sources */,
				7B721C8B1FA977A90007EABF /* Frameworks */,
				7B721C8C1FA977A90007EABF /* Resources */,
			);
			buildRules = (
			);
			dependencies = (
			);
			name = flashLight;
			productName = flashLight;
			productReference = 7B721C8E1FA977A90007EABF /* flashLight.app */;
			productType = "com.apple.product-type.application";
		};
/* End PBXNativeTarget section */

/* Begin PBXProject section */
		7B721C861FA977A90007EABF /* Project object */ = {
			isa = PBXProject;
			attributes = {
				LastSwiftUpdateCheck = 0830;
				LastUpgradeCheck = 0830;
				ORGANIZATIONNAME = center12;
				TargetAttributes = {
					7B721C8D1FA977A90007EABF = {
						CreatedOnToolsVersion = 8.3.3;
						ProvisioningStyle = Automatic;
					};
				};
			};
			buildConfigurationList = 7B721C891FA977A90007EABF /* Build configuration list for PBXProject "flashLight" */;
			compatibilityVersion = "Xcode 3.2";
			developmentRegion = English;
			hasScannedForEncodings = 0;
			knownRegions = (
				en,
				Base,
			);
			mainGroup = 7B721C851FA977A90007EABF;
			productRefGroup = 7B721C8F1FA977A90007EABF /* Products */;
			projectDirPath = "";
			projectRoot = "";
			targets = (
				7B721C8D1FA977A90007EABF /* flashLight */,
			);
		};
/* End PBXProject section */

/* Begin PBXResourcesBuildPhase section */
		7B721C8C1FA977A90007EABF /* Resources */ = {
			isa = PBXResourcesBuildPhase;
			buildActionMask = 2147483647;
			files = (
				7B721C9C1FA977A90007EABF /* LaunchScreen.storyboard in Resources */,
				7B721C991FA977A90007EABF /* Assets.xcassets in Resources */,
				7B721C971FA977A90007EABF /* Main.storyboard in Resources */,
			);
			runOnlyForDeploymentPostprocessing = 0;
		};
/* End PBXResourcesBuildPhase section */

/* Begin PBXSourcesBuildPhase section */
		7B721C8A1FA977A90007EABF /* Sources */ = {
			isa = PBXSourcesBuildPhase;
			buildActionMask = 2147483647;
			files = (
				7B721C941FA977A90007EABF /* ViewController.swift in Sources */,
				7B721C921FA977A90007EABF /* AppDelegate.swift in Sources */,
			);
			runOnlyForDeploymentPostprocessing = 0;
		};
/* End PBXSourcesBuildPhase section */

/* Begin PBXVariantGroup section */
		7B721C951FA977A90007EABF /* Main.storyboard */ = {
			isa = PBXVariantGroup;
			children = (
				7B721C961FA977A90007EABF /* Base */,
			);
			name = Main.storyboard;
			path = ..;
			sourceTree = "<group>";
		};
		7B721C9A1FA977A90007EABF /* LaunchScreen.storyboard */ = {
			isa = PBXVariantGroup;
			children = (
				7B721C9B1FA977A90007EABF /* Base */,
			);
			name = LaunchScreen.storyboard;
			path = ..;
			sourceTree = "<group>";
		};
/* End PBXVariantGroup section */

/* Begin XCBuildConfiguration section */
		7B721C9E1FA977A90007EABF /* Debug */ = {
			isa = XCBuildConfiguration;
			buildSettings = {
				ALWAYS_SEARCH_USER_PATHS = NO;
				CLANG_ANALYZER_NONNULL = YES;
				CLANG_ANALYZER_NUMBER_OBJECT_CONVERSION = YES_AGGRESSIVE;
				CLANG_CXX_LANGUAGE_STANDARD = "gnu++0x";
				CLANG_CXX_LIBRARY = "libc++";
				CLANG_ENABLE_MODULES = YES;
				CLANG_ENABLE_OBJC_ARC = YES;
				CLANG_WARN_BOOL_CONVERSION = YES;
				CLANG_WARN_CONSTANT_CONVERSION = YES;
				CLANG_WARN_DIRECT_OBJC_ISA_USAGE = YES_ERROR;
				CLANG_WARN_DOCUMENTATION_COMMENTS = YES;
				CLANG_WARN_EMPTY_BODY = YES;
				CLANG_WARN_ENUM_CONVERSION = YES;
				CLANG_WARN_INFINITE_RECURSION = YES;
				CLANG_WARN_INT_CONVERSION = YES;
				CLANG_WARN_OBJC_ROOT_CLASS = YES_ERROR;
				CLANG_WARN_SUSPICIOUS_MOVE = YES;
				CLANG_WARN_UNREACHABLE_CODE = YES;
				CLANG_WARN__DUPLICATE_METHOD_MATCH = YES;
				"CODE_SIGN_IDENTITY[sdk=iphoneos*]" = "iPhone Developer";
				COPY_PHASE_STRIP = NO;
				DEBUG_INFORMATION_FORMAT = dwarf;
				ENABLE_STRICT_OBJC_MSGSEND = YES;
				ENABLE_TESTABILITY = YES;
				GCC_C_LANGUAGE_STANDARD = gnu99;
				GCC_DYNAMIC_NO_PIC = NO;
				GCC_NO_COMMON_BLOCKS = YES;
				GCC_OPTIMIZATION_LEVEL = 0;
				GCC_PREPROCESSOR_DEFINITIONS = (
					"DEBUG=1",
					"$(inherited)",
				);
				GCC_WARN_64_TO_32_BIT_CONVERSION = YES;
				GCC_WARN_ABOUT_RETURN_TYPE = YES_ERROR;
				GCC_WARN_UNDECLARED_SELECTOR = YES;
				GCC_WARN_UNINITIALIZED_AUTOS = YES_AGGRESSIVE;
				GCC_WARN_UNUSED_FUNCTION = YES;
				GCC_WARN_UNUSED_VARIABLE = YES;
				IPHONEOS_DEPLOYMENT_TARGET = 10.3;
				MTL_ENABLE_DEBUG_INFO = YES;
				ONLY_ACTIVE_ARCH = YES;
				SDKROOT = iphoneos;
				SWIFT_ACTIVE_COMPILATION_CONDITIONS = DEBUG;
				SWIFT_OPTIMIZATION_LEVEL = "-Onone";
			};
			name = Debug;
		};
		7B721C9F1FA977A90007EABF /* Release */ = {
			isa = XCBuildConfiguration;
			buildSettings = {
				ALWAYS_SEARCH_USER_PATHS = NO;
				CLANG_ANALYZER_NONNULL = YES;
				CLANG_ANALYZER_NUMBER_OBJECT_CONVERSION = YES_AGGRESSIVE;
				CLANG_CXX_LANGUAGE_STANDARD = "gnu++0x";
				CLANG_CXX_LIBRARY = "libc++";
				CLANG_ENABLE_MODULES = YES;
				CLANG_ENABLE_OBJC_ARC = YES;
				CLANG_WARN_BOOL_CONVERSION = YES;
				CLANG_WARN_CONSTANT_CONVERSION = YES;
				CLANG_WARN_DIRECT_OBJC_ISA_USAGE = YES_ERROR;
				CLANG_WARN_DOCUMENTATION_COMMENTS = YES;
				CLANG_WARN_EMPTY_BODY = YES;
				CLANG_WARN_ENUM_CONVERSION = YES;
				CLANG_WARN_INFINITE_RECURSION = YES;
				CLANG_WARN_INT_CONVERSION = YES;
				CLANG_WARN_OBJC_ROOT_CLASS = YES_ERROR;
				CLANG_WARN_SUSPICIOUS_MOVE = YES;
				CLANG_WARN_UNREACHABLE_CODE = YES;
				CLANG_WARN__DUPLICATE_METHOD_MATCH = YES;
				"CODE_SIGN_IDENTITY[sdk=iphoneos*]" = "iPhone Developer";
				COPY_PHASE_STRIP = NO;
				DEBUG_INFORMATION_FORMAT = "dwarf-with-dsym";
				ENABLE_NS_ASSERTIONS = NO;
				ENABLE_STRICT_OBJC_MSGSEND = YES;
				GCC_C_LANGUAGE_STANDARD = gnu99;
				GCC_NO_COMMON_BLOCKS = YES;
				GCC_WARN_64_TO_32_BIT_CONVERSION = YES;
				GCC_WARN_ABOUT_RETURN_TYPE = YES_ERROR;
				GCC_WARN_UNDECLARED_SELECTOR = YES;
				GCC_WARN_UNINITIALIZED_AUTOS = YES_AGGRESSIVE;
				GCC_WARN_UNUSED_FUNCTION = YES;
				GCC_WARN_UNUSED_VARIABLE = YES;
				IPHONEOS_DEPLOYMENT_TARGET = 10.3;
				MTL_ENABLE_DEBUG_INFO = NO;
				SDKROOT = iphoneos;
				SWIFT_OPTIMIZATION_LEVEL = "-Owholemodule";
				VALIDATE_PRODUCT = YES;
			};
			name = Release;
		};
		7B721CA11FA977A90007EABF /* Debug */ = {
			isa = XCBuildConfiguration;
			buildSettings = {
				ASSETCATALOG_COMPILER_APPICON_NAME = AppIcon;
				INFOPLIST_FILE = flashLight/Info.plist;
				LD_RUNPATH_SEARCH_PATHS = "$(inherited) @executable_path/Frameworks";
				PRODUCT_BUNDLE_IDENTIFIER = center12.dev.flashLight;
				PRODUCT_NAME = "$(TARGET_NAME)";
				SWIFT_VERSION = 3.0;
			};
			name = Debug;
		};
		7B721CA21FA977A90007EABF /* Release */ = {
			isa = XCBuildConfiguration;
			buildSettings = {
				ASSETCATALOG_COMPILER_APPICON_NAME = AppIcon;
				INFOPLIST_FILE = flashLight/Info.plist;
				LD_RUNPATH_SEARCH_PATHS = "$(inherited) @executable_path/Frameworks";
				PRODUCT_BUNDLE_IDENTIFIER = center12.dev.flashLight;
				PRODUCT_NAME = "$(TARGET_NAME)";
				SWIFT_VERSION = 3.0;
			};
			name = Release;
		};
/* End XCBuildConfiguration section */

/* Begin XCConfigurationList section */
		7B721C891FA977A90007EABF /* Build configuration list for PBXProject "flashLight" */ = {
			isa = XCConfigurationList;
			buildConfigurations = (
				7B721C9E1FA977A90007EABF /* Debug */,
				7B721C9F1FA977A90007EABF /* Release */,
			);
			defaultConfigurationIsVisible = 0;
			defaultConfigurationName = Release;
		};
		7B721CA01FA977A90007EABF /* Build configuration list for PBXNativeTarget "flashLight" */ = {
			isa = XCConfigurationList;
			buildConfigurations = (
				7B721CA11FA977A90007EABF /* Debug */,
				7B721CA21FA977A90007EABF /* Release */,
			);
			defaultConfigurationIsVisible = 0;
		};
/* End XCConfigurationList section */
	};
	rootObject = 7B721C861FA977A90007EABF /* Project object */;
}
